# Code generated by scarb DO NOT EDIT.
version = 1

[[package]]
name = "contracts"
version = "0.1.0"
dependencies = [
 "snforge_std",
]

[[package]]
name = "snforge_std"
version = "0.19.0"
source = "git+https://github.com/foundry-rs/starknet-foundry?tag=v0.19.0#a3391dce5bdda51c63237032e6cfc64fb7a346d4"
