# THIS IS AN AUTOGENERATED FILE. DO NOT EDIT THIS FILE DIRECTLY.
# yarn lockfile v1


"@babel/code-frame@^7.0.0":
  version "7.24.2"
  dependencies:
    "@babel/highlight" "^7.24.2"
    picocolors "^1.0.0"

"@babel/helper-validator-identifier@^7.24.5":
  version "7.24.5"

"@babel/highlight@^7.24.2":
  version "7.24.5"
  dependencies:
    "@babel/helper-validator-identifier" "^7.24.5"
    chalk "^2.4.2"
    js-tokens "^4.0.0"
    picocolors "^1.0.0"

"@babel/runtime@^7.20.1", "@babel/runtime@^7.5.5":
  version "7.24.5"
  dependencies:
    regenerator-runtime "^0.14.0"

"@changesets/apply-release-plan@^7.0.1":
  version "7.0.1"
  dependencies:
    "@babel/runtime" "^7.20.1"
    "@changesets/config" "^3.0.0"
    "@changesets/get-version-range-type" "^0.4.0"
    "@changesets/git" "^3.0.0"
    "@changesets/types" "^6.0.0"
    "@manypkg/get-packages" "^1.1.3"
    detect-indent "^6.0.0"
    fs-extra "^7.0.1"
    lodash.startcase "^4.4.0"
    outdent "^0.5.0"
    prettier "^2.7.1"
    resolve-from "^5.0.0"
    semver "^7.5.3"

"@changesets/assemble-release-plan@^6.0.0":
  version "6.0.0"
  dependencies:
    "@babel/runtime" "^7.20.1"
    "@changesets/errors" "^0.2.0"
    "@changesets/get-dependents-graph" "^2.0.0"
    "@changesets/types" "^6.0.0"
    "@manypkg/get-packages" "^1.1.3"
    semver "^7.5.3"

"@changesets/changelog-git@^0.2.0":
  version "0.2.0"
  dependencies:
    "@changesets/types" "^6.0.0"

"@changesets/cli@^2.26.2":
  version "2.27.3"
  dependencies:
    "@babel/runtime" "^7.20.1"
    "@changesets/apply-release-plan" "^7.0.1"
    "@changesets/assemble-release-plan" "^6.0.0"
    "@changesets/changelog-git" "^0.2.0"
    "@changesets/config" "^3.0.0"
    "@changesets/errors" "^0.2.0"
    "@changesets/get-dependents-graph" "^2.0.0"
    "@changesets/get-release-plan" "^4.0.0"
    "@changesets/git" "^3.0.0"
    "@changesets/logger" "^0.1.0"
    "@changesets/pre" "^2.0.0"
    "@changesets/read" "^0.6.0"
    "@changesets/types" "^6.0.0"
    "@changesets/write" "^0.3.1"
    "@manypkg/get-packages" "^1.1.3"
    "@types/semver" "^7.5.0"
    ansi-colors "^4.1.3"
    chalk "^2.1.0"
    ci-info "^3.7.0"
    enquirer "^2.3.0"
    external-editor "^3.1.0"
    fs-extra "^7.0.1"
    human-id "^1.0.2"
    meow "^6.0.0"
    outdent "^0.5.0"
    p-limit "^2.2.0"
    preferred-pm "^3.0.0"
    resolve-from "^5.0.0"
    semver "^7.5.3"
    spawndamnit "^2.0.0"
    term-size "^2.1.0"
    tty-table "^4.1.5"

"@changesets/config@^3.0.0":
  version "3.0.0"
  dependencies:
    "@changesets/errors" "^0.2.0"
    "@changesets/get-dependents-graph" "^2.0.0"
    "@changesets/logger" "^0.1.0"
    "@changesets/types" "^6.0.0"
    "@manypkg/get-packages" "^1.1.3"
    fs-extra "^7.0.1"
    micromatch "^4.0.2"

"@changesets/errors@^0.2.0":
  version "0.2.0"
  dependencies:
    extendable-error "^0.1.5"

"@changesets/get-dependents-graph@^2.0.0":
  version "2.0.0"
  dependencies:
    "@changesets/types" "^6.0.0"
    "@manypkg/get-packages" "^1.1.3"
    chalk "^2.1.0"
    fs-extra "^7.0.1"
    semver "^7.5.3"

"@changesets/get-release-plan@^4.0.0":
  version "4.0.0"
  dependencies:
    "@babel/runtime" "^7.20.1"
    "@changesets/assemble-release-plan" "^6.0.0"
    "@changesets/config" "^3.0.0"
    "@changesets/pre" "^2.0.0"
    "@changesets/read" "^0.6.0"
    "@changesets/types" "^6.0.0"
    "@manypkg/get-packages" "^1.1.3"

"@changesets/get-version-range-type@^0.4.0":
  version "0.4.0"

"@changesets/git@^3.0.0":
  version "3.0.0"
  dependencies:
    "@babel/runtime" "^7.20.1"
    "@changesets/errors" "^0.2.0"
    "@changesets/types" "^6.0.0"
    "@manypkg/get-packages" "^1.1.3"
    is-subdir "^1.1.1"
    micromatch "^4.0.2"
    spawndamnit "^2.0.0"

"@changesets/logger@^0.1.0":
  version "0.1.0"
  dependencies:
    chalk "^2.1.0"

"@changesets/parse@^0.4.0":
  version "0.4.0"
  dependencies:
    "@changesets/types" "^6.0.0"
    js-yaml "^3.13.1"

"@changesets/pre@^2.0.0":
  version "2.0.0"
  dependencies:
    "@babel/runtime" "^7.20.1"
    "@changesets/errors" "^0.2.0"
    "@changesets/types" "^6.0.0"
    "@manypkg/get-packages" "^1.1.3"
    fs-extra "^7.0.1"

"@changesets/read@^0.6.0":
  version "0.6.0"
  dependencies:
    "@babel/runtime" "^7.20.1"
    "@changesets/git" "^3.0.0"
    "@changesets/logger" "^0.1.0"
    "@changesets/parse" "^0.4.0"
    "@changesets/types" "^6.0.0"
    chalk "^2.1.0"
    fs-extra "^7.0.1"
    p-filter "^2.1.0"

"@changesets/types@^4.0.1":
  version "4.1.0"

"@changesets/types@^6.0.0":
  version "6.0.0"

"@changesets/write@^0.3.1":
  version "0.3.1"
  dependencies:
    "@babel/runtime" "^7.20.1"
    "@changesets/types" "^6.0.0"
    fs-extra "^7.0.1"
    human-id "^1.0.2"
    prettier "^2.7.1"

"@isaacs/cliui@^8.0.2":
  version "8.0.2"
  dependencies:
    string-width "^5.1.2"
    string-width-cjs "npm:string-width@^4.2.0"
    strip-ansi "^7.0.1"
    strip-ansi-cjs "npm:strip-ansi@^6.0.1"
    wrap-ansi "^8.1.0"
    wrap-ansi-cjs "npm:wrap-ansi@^7.0.0"

"@manypkg/find-root@^1.1.0":
  version "1.1.0"
  dependencies:
    "@babel/runtime" "^7.5.5"
    "@types/node" "^12.7.1"
    find-up "^4.1.0"
    fs-extra "^8.1.0"

"@manypkg/get-packages@^1.1.3":
  version "1.1.3"
  dependencies:
    "@babel/runtime" "^7.5.5"
    "@changesets/types" "^4.0.1"
    "@manypkg/find-root" "^1.1.0"
    fs-extra "^8.1.0"
    globby "^11.0.0"
    read-yaml-file "^1.1.0"

"@nodelib/fs.scandir@2.1.5":
  version "2.1.5"
  dependencies:
    "@nodelib/fs.stat" "2.0.5"
    run-parallel "^1.1.9"

"@nodelib/fs.stat@^2.0.2", "@nodelib/fs.stat@2.0.5":
  version "2.0.5"

"@nodelib/fs.walk@^1.2.3":
  version "1.2.8"
  dependencies:
    "@nodelib/fs.scandir" "2.1.5"
    fastq "^1.6.0"

"@pkgjs/parseargs@^0.11.0":
  version "0.11.0"

"@rollup/plugin-node-resolve@^15.2.3":
  version "15.2.3"
  dependencies:
    "@rollup/pluginutils" "^5.0.1"
    "@types/resolve" "1.20.2"
    deepmerge "^4.2.2"
    is-builtin-module "^3.2.1"
    is-module "^1.0.0"
    resolve "^1.22.1"

"@rollup/plugin-typescript@11.1.0":
  version "11.1.0"
  dependencies:
    "@rollup/pluginutils" "^5.0.1"
    resolve "^1.22.1"

"@rollup/pluginutils@^5.0.1":
  version "5.1.0"
  dependencies:
    "@types/estree" "^1.0.0"
    estree-walker "^2.0.2"
    picomatch "^2.3.1"

"@samverschueren/stream-to-observable@^0.3.0":
  version "0.3.1"
  dependencies:
    any-observable "^0.3.0"

"@types/estree@^1.0.0":
  version "1.0.5"

"@types/execa@^0.9.0":
  version "0.9.0"
  dependencies:
    "@types/node" "*"

"@types/glob@^7.1.1":
  version "7.2.0"
  dependencies:
    "@types/minimatch" "*"
    "@types/node" "*"

"@types/glob@^8.1.0":
  version "8.1.0"
  dependencies:
    "@types/minimatch" "^5.1.2"
    "@types/node" "*"

"@types/inquirer@9.0.3":
  version "9.0.3"
  dependencies:
    "@types/through" "*"
    rxjs "^7.2.0"

"@types/listr@0.14.4":
  version "0.14.4"
  dependencies:
    "@types/node" "*"
    rxjs "^6.5.1"

"@types/minimatch@*", "@types/minimatch@^5.1.2":
  version "5.1.2"

"@types/minimist@^1.2.0":
  version "1.2.5"

"@types/ncp@2.0.5":
  version "2.0.5"
  dependencies:
    "@types/node" "*"

"@types/node@*":
  version "20.12.12"
  dependencies:
    undici-types "~5.26.4"

"@types/node@^11.9.4":
  version "11.15.54"

"@types/node@^12.7.1":
  version "12.20.55"

"@types/node@18.16.0":
  version "18.16.0"

"@types/normalize-package-data@^2.4.0":
  version "2.4.4"

"@types/resolve@1.20.2":
  version "1.20.2"

"@types/semver@^7.5.0":
  version "7.5.8"

"@types/through@*":
  version "0.0.33"
  dependencies:
    "@types/node" "*"

"@voxpelli/semver-set@^3.0.0":
  version "3.0.0"
  dependencies:
    semver "^7.3.2"

ansi-colors@^4.1.1, ansi-colors@^4.1.3:
  version "4.1.3"

ansi-escapes@^3.0.0:
  version "3.2.0"

ansi-escapes@^6.0.0:
  version "6.2.1"

ansi-regex@^2.0.0:
  version "2.1.1"

ansi-regex@^3.0.0:
  version "3.0.1"

ansi-regex@^5.0.1:
  version "5.0.1"

ansi-regex@^6.0.1:
  version "6.0.1"

ansi-styles@^2.2.1:
  version "2.2.1"

ansi-styles@^3.2.1:
  version "3.2.1"
  dependencies:
    color-convert "^1.9.0"

ansi-styles@^4.0.0, ansi-styles@^4.1.0:
  version "4.3.0"
  dependencies:
    color-convert "^2.0.1"

ansi-styles@^6.1.0:
  version "6.2.1"

any-observable@^0.3.0:
  version "0.3.0"

arg@5.0.2:
  version "5.0.2"

argparse@^1.0.7:
  version "1.0.10"
  dependencies:
    sprintf-js "~1.0.2"

array-buffer-byte-length@^1.0.1:
  version "1.0.1"
  dependencies:
    call-bind "^1.0.5"
    is-array-buffer "^3.0.4"

array-union@^2.1.0:
  version "2.1.0"

array.prototype.flat@^1.2.3:
  version "1.3.2"
  dependencies:
    call-bind "^1.0.2"
    define-properties "^1.2.0"
    es-abstract "^1.22.1"
    es-shim-unscopables "^1.0.0"

arraybuffer.prototype.slice@^1.0.3:
  version "1.0.3"
  dependencies:
    array-buffer-byte-length "^1.0.1"
    call-bind "^1.0.5"
    define-properties "^1.2.1"
    es-abstract "^1.22.3"
    es-errors "^1.2.1"
    get-intrinsic "^1.2.3"
    is-array-buffer "^3.0.4"
    is-shared-array-buffer "^1.0.2"

arrify@^1.0.1:
  version "1.0.1"

at-least-node@^1.0.0:
  version "1.0.0"

available-typed-arrays@^1.0.7:
  version "1.0.7"
  dependencies:
    possible-typed-array-names "^1.0.0"

balanced-match@^1.0.0:
  version "1.0.2"

base64-js@^1.3.1:
  version "1.5.1"

better-path-resolve@1.0.0:
  version "1.0.0"
  dependencies:
    is-windows "^1.0.0"

bl@^5.0.0:
  version "5.1.0"
  dependencies:
    buffer "^6.0.3"
    inherits "^2.0.4"
    readable-stream "^3.4.0"

brace-expansion@^1.1.7:
  version "1.1.11"
  dependencies:
    balanced-match "^1.0.0"
    concat-map "0.0.1"

brace-expansion@^2.0.1:
  version "2.0.1"
  dependencies:
    balanced-match "^1.0.0"

braces@^3.0.3:
  version "3.0.3"
  dependencies:
    fill-range "^7.1.1"

breakword@^1.0.5:
  version "1.0.6"
  dependencies:
    wcwidth "^1.0.1"

buffer@^6.0.3:
  version "6.0.3"
  dependencies:
    base64-js "^1.3.1"
    ieee754 "^1.2.1"

builtin-modules@^3.3.0:
  version "3.3.0"

builtins@^2.0.0:
  version "2.0.1"
  dependencies:
    semver "^6.0.0"

call-bind@^1.0.2, call-bind@^1.0.5, call-bind@^1.0.6, call-bind@^1.0.7:
  version "1.0.7"
  dependencies:
    es-define-property "^1.0.0"
    es-errors "^1.3.0"
    function-bind "^1.1.2"
    get-intrinsic "^1.2.4"
    set-function-length "^1.2.1"

camelcase-keys@^6.2.2:
  version "6.2.2"
  dependencies:
    camelcase "^5.3.1"
    map-obj "^4.0.0"
    quick-lru "^4.0.1"

camelcase@^5.0.0, camelcase@^5.3.1:
  version "5.3.1"

chalk@^1.0.0, chalk@^1.1.3:
  version "1.1.3"
  dependencies:
    ansi-styles "^2.2.1"
    escape-string-regexp "^1.0.2"
    has-ansi "^2.0.0"
    strip-ansi "^3.0.0"
    supports-color "^2.0.0"

chalk@^2.1.0:
  version "2.4.2"
  dependencies:
    ansi-styles "^3.2.1"
    escape-string-regexp "^1.0.5"
    supports-color "^5.3.0"

chalk@^2.4.1:
  version "2.4.2"
  dependencies:
    ansi-styles "^3.2.1"
    escape-string-regexp "^1.0.5"
    supports-color "^5.3.0"

chalk@^2.4.2:
  version "2.4.2"
  dependencies:
    ansi-styles "^3.2.1"
    escape-string-regexp "^1.0.5"
    supports-color "^5.3.0"

chalk@^4.1.2:
  version "4.1.2"
  dependencies:
    ansi-styles "^4.1.0"
    supports-color "^7.1.0"

chalk@^5.0.0:
  version "5.3.0"

chalk@^5.2.0:
  version "5.3.0"

chalk@5.2.0:
  version "5.2.0"

chardet@^0.7.0:
  version "0.7.0"

ci-info@^3.7.0:
  version "3.9.0"

cli-cursor@^2.0.0:
  version "2.1.0"
  dependencies:
    restore-cursor "^2.0.0"

cli-cursor@^2.1.0:
  version "2.1.0"
  dependencies:
    restore-cursor "^2.0.0"

cli-cursor@^4.0.0:
  version "4.0.0"
  dependencies:
    restore-cursor "^4.0.0"

cli-spinners@^2.6.1:
  version "2.9.2"

cli-truncate@^0.2.1:
  version "0.2.1"
  dependencies:
    slice-ansi "0.0.4"
    string-width "^1.0.1"

cli-width@^4.0.0:
  version "4.1.0"

cliui@^6.0.0:
  version "6.0.0"
  dependencies:
    string-width "^4.2.0"
    strip-ansi "^6.0.0"
    wrap-ansi "^6.2.0"

cliui@^8.0.1:
  version "8.0.1"
  dependencies:
    string-width "^4.2.0"
    strip-ansi "^6.0.1"
    wrap-ansi "^7.0.0"

clone@^1.0.2:
  version "1.0.4"

code-point-at@^1.0.0:
  version "1.1.0"

color-convert@^1.9.0:
  version "1.9.3"
  dependencies:
    color-name "1.1.3"

color-convert@^2.0.1:
  version "2.0.1"
  dependencies:
    color-name "~1.1.4"

color-name@~1.1.4:
  version "1.1.4"

color-name@1.1.3:
  version "1.1.3"

commander@^7.2.0:
  version "7.2.0"

concat-map@0.0.1:
  version "0.0.1"

cross-spawn@^5.1.0:
  version "5.1.0"
  dependencies:
    lru-cache "^4.0.1"
    shebang-command "^1.2.0"
    which "^1.2.9"

cross-spawn@^6.0.0:
  version "6.0.5"
  dependencies:
    nice-try "^1.0.4"
    path-key "^2.0.1"
    semver "^5.5.0"
    shebang-command "^1.2.0"
    which "^1.2.9"

cross-spawn@^7.0.0, cross-spawn@^7.0.3:
  version "7.0.3"
  dependencies:
    path-key "^3.1.0"
    shebang-command "^2.0.0"
    which "^2.0.1"

csv-generate@^3.4.3:
  version "3.4.3"

csv-parse@^4.16.3:
  version "4.16.3"

csv-stringify@^5.6.5:
  version "5.6.5"

csv@^5.5.3:
  version "5.5.3"
  dependencies:
    csv-generate "^3.4.3"
    csv-parse "^4.16.3"
    csv-stringify "^5.6.5"
    stream-transform "^2.1.3"

data-view-buffer@^1.0.1:
  version "1.0.1"
  dependencies:
    call-bind "^1.0.6"
    es-errors "^1.3.0"
    is-data-view "^1.0.1"

data-view-byte-length@^1.0.1:
  version "1.0.1"
  dependencies:
    call-bind "^1.0.7"
    es-errors "^1.3.0"
    is-data-view "^1.0.1"

data-view-byte-offset@^1.0.0:
  version "1.0.0"
  dependencies:
    call-bind "^1.0.6"
    es-errors "^1.3.0"
    is-data-view "^1.0.1"

date-fns@^1.27.2:
  version "1.30.1"

decamelize-keys@^1.1.0:
  version "1.1.1"
  dependencies:
    decamelize "^1.1.0"
    map-obj "^1.0.0"

decamelize@^1.1.0, decamelize@^1.2.0:
  version "1.2.0"

deepmerge@^4.2.2:
  version "4.3.1"

defaults@^1.0.3:
  version "1.0.4"
  dependencies:
    clone "^1.0.2"

define-data-property@^1.0.1, define-data-property@^1.1.4:
  version "1.1.4"
  dependencies:
    es-define-property "^1.0.0"
    es-errors "^1.3.0"
    gopd "^1.0.1"

define-properties@^1.2.0, define-properties@^1.2.1:
  version "1.2.1"
  dependencies:
    define-data-property "^1.0.1"
    has-property-descriptors "^1.0.0"
    object-keys "^1.1.1"

detect-indent@^6.0.0:
  version "6.1.0"

detect-newline@3.1.0:
  version "3.1.0"

dir-glob@^3.0.1:
  version "3.0.1"
  dependencies:
    path-type "^4.0.0"

eastasianwidth@^0.2.0:
  version "0.2.0"

elegant-spinner@^1.0.1:
  version "1.0.1"

emoji-regex@^8.0.0:
  version "8.0.0"

emoji-regex@^9.2.2:
  version "9.2.2"

end-of-stream@^1.1.0:
  version "1.4.4"
  dependencies:
    once "^1.4.0"

enquirer@^2.3.0:
  version "2.4.1"
  dependencies:
    ansi-colors "^4.1.1"
    strip-ansi "^6.0.1"

error-ex@^1.3.1:
  version "1.3.2"
  dependencies:
    is-arrayish "^0.2.1"

es-abstract@^1.22.1, es-abstract@^1.22.3, es-abstract@^1.23.0:
  version "1.23.3"
  dependencies:
    array-buffer-byte-length "^1.0.1"
    arraybuffer.prototype.slice "^1.0.3"
    available-typed-arrays "^1.0.7"
    call-bind "^1.0.7"
    data-view-buffer "^1.0.1"
    data-view-byte-length "^1.0.1"
    data-view-byte-offset "^1.0.0"
    es-define-property "^1.0.0"
    es-errors "^1.3.0"
    es-object-atoms "^1.0.0"
    es-set-tostringtag "^2.0.3"
    es-to-primitive "^1.2.1"
    function.prototype.name "^1.1.6"
    get-intrinsic "^1.2.4"
    get-symbol-description "^1.0.2"
    globalthis "^1.0.3"
    gopd "^1.0.1"
    has-property-descriptors "^1.0.2"
    has-proto "^1.0.3"
    has-symbols "^1.0.3"
    hasown "^2.0.2"
    internal-slot "^1.0.7"
    is-array-buffer "^3.0.4"
    is-callable "^1.2.7"
    is-data-view "^1.0.1"
    is-negative-zero "^2.0.3"
    is-regex "^1.1.4"
    is-shared-array-buffer "^1.0.3"
    is-string "^1.0.7"
    is-typed-array "^1.1.13"
    is-weakref "^1.0.2"
    object-inspect "^1.13.1"
    object-keys "^1.1.1"
    object.assign "^4.1.5"
    regexp.prototype.flags "^1.5.2"
    safe-array-concat "^1.1.2"
    safe-regex-test "^1.0.3"
    string.prototype.trim "^1.2.9"
    string.prototype.trimend "^1.0.8"
    string.prototype.trimstart "^1.0.8"
    typed-array-buffer "^1.0.2"
    typed-array-byte-length "^1.0.1"
    typed-array-byte-offset "^1.0.2"
    typed-array-length "^1.0.6"
    unbox-primitive "^1.0.2"
    which-typed-array "^1.1.15"

es-define-property@^1.0.0:
  version "1.0.0"
  dependencies:
    get-intrinsic "^1.2.4"

es-errors@^1.2.1, es-errors@^1.3.0:
  version "1.3.0"

es-object-atoms@^1.0.0:
  version "1.0.0"
  dependencies:
    es-errors "^1.3.0"

es-set-tostringtag@^2.0.3:
  version "2.0.3"
  dependencies:
    get-intrinsic "^1.2.4"
    has-tostringtag "^1.0.2"
    hasown "^2.0.1"

es-shim-unscopables@^1.0.0:
  version "1.0.2"
  dependencies:
    hasown "^2.0.0"

es-to-primitive@^1.2.1:
  version "1.2.1"
  dependencies:
    is-callable "^1.1.4"
    is-date-object "^1.0.1"
    is-symbol "^1.0.2"

escalade@^3.1.1:
  version "3.1.2"

escape-string-regexp@^1.0.2, escape-string-regexp@^1.0.5:
  version "1.0.5"

escape-string-regexp@^5.0.0:
  version "5.0.0"

esprima@^4.0.0:
  version "4.0.1"

estree-walker@^2.0.2:
  version "2.0.2"

execa@^1.0.0:
  version "1.0.0"
  dependencies:
    cross-spawn "^6.0.0"
    get-stream "^4.0.0"
    is-stream "^1.1.0"
    npm-run-path "^2.0.0"
    p-finally "^1.0.0"
    signal-exit "^3.0.0"
    strip-eof "^1.0.0"

execa@7.1.1:
  version "7.1.1"
  dependencies:
    cross-spawn "^7.0.3"
    get-stream "^6.0.1"
    human-signals "^4.3.0"
    is-stream "^3.0.0"
    merge-stream "^2.0.0"
    npm-run-path "^5.1.0"
    onetime "^6.0.0"
    signal-exit "^3.0.7"
    strip-final-newline "^3.0.0"

extendable-error@^0.1.5:
  version "0.1.7"

external-editor@^3.0.3, external-editor@^3.1.0:
  version "3.1.0"
  dependencies:
    chardet "^0.7.0"
    iconv-lite "^0.4.24"
    tmp "^0.0.33"

fast-glob@^3.0.3, fast-glob@^3.2.9:
  version "3.3.2"
  dependencies:
    "@nodelib/fs.stat" "^2.0.2"
    "@nodelib/fs.walk" "^1.2.3"
    glob-parent "^5.1.2"
    merge2 "^1.3.0"
    micromatch "^4.0.4"

fastq@^1.6.0:
  version "1.17.1"
  dependencies:
    reusify "^1.0.4"

figures@^1.7.0:
  version "1.7.0"
  dependencies:
    escape-string-regexp "^1.0.5"
    object-assign "^4.1.0"

figures@^2.0.0:
  version "2.0.0"
  dependencies:
    escape-string-regexp "^1.0.5"

figures@^5.0.0:
  version "5.0.0"
  dependencies:
    escape-string-regexp "^5.0.0"
    is-unicode-supported "^1.2.0"

fill-range@^7.1.1:
  version "7.1.1"
  dependencies:
    to-regex-range "^5.0.1"

find-up@^4.0.0, find-up@^4.1.0:
  version "4.1.0"
  dependencies:
    locate-path "^5.0.0"
    path-exists "^4.0.0"

find-up@^5.0.0:
  version "5.0.0"
  dependencies:
    locate-path "^6.0.0"
    path-exists "^4.0.0"

find-yarn-workspace-root2@1.2.16:
  version "1.2.16"
  dependencies:
    micromatch "^4.0.2"
    pkg-dir "^4.2.0"

for-each@^0.3.3:
  version "0.3.3"
  dependencies:
    is-callable "^1.1.3"

foreground-child@^3.1.0:
  version "3.1.1"
  dependencies:
    cross-spawn "^7.0.0"
    signal-exit "^4.0.1"

fs-extra@^7.0.1:
  version "7.0.1"
  dependencies:
    graceful-fs "^4.1.2"
    jsonfile "^4.0.0"
    universalify "^0.1.0"

fs-extra@^8.1.0:
  version "8.1.0"
  dependencies:
    graceful-fs "^4.2.0"
    jsonfile "^4.0.0"
    universalify "^0.1.0"

fs-extra@^9.1.0:
  version "9.1.0"
  dependencies:
    at-least-node "^1.0.0"
    graceful-fs "^4.2.0"
    jsonfile "^6.0.1"
    universalify "^2.0.0"

fs.realpath@^1.0.0:
  version "1.0.0"

fsevents@~2.3.2:
  version "2.3.3"

function-bind@^1.1.2:
  version "1.1.2"

function.prototype.name@^1.1.6:
  version "1.1.6"
  dependencies:
    call-bind "^1.0.2"
    define-properties "^1.2.0"
    es-abstract "^1.22.1"
    functions-have-names "^1.2.3"

functions-have-names@^1.2.3:
  version "1.2.3"

get-caller-file@^2.0.1, get-caller-file@^2.0.5:
  version "2.0.5"

get-intrinsic@^1.1.3, get-intrinsic@^1.2.1, get-intrinsic@^1.2.3, get-intrinsic@^1.2.4:
  version "1.2.4"
  dependencies:
    es-errors "^1.3.0"
    function-bind "^1.1.2"
    has-proto "^1.0.1"
    has-symbols "^1.0.3"
    hasown "^2.0.0"

get-stream@^4.0.0:
  version "4.1.0"
  dependencies:
    pump "^3.0.0"

get-stream@^6.0.1:
  version "6.0.1"

get-symbol-description@^1.0.2:
  version "1.0.2"
  dependencies:
    call-bind "^1.0.5"
    es-errors "^1.3.0"
    get-intrinsic "^1.2.4"

git-hooks-list@1.0.3:
  version "1.0.3"

glob-parent@^5.1.2:
  version "5.1.2"
  dependencies:
    is-glob "^4.0.1"

glob@^10.3.15:
  version "10.3.16"
  dependencies:
    foreground-child "^3.1.0"
    jackspeak "^3.1.2"
    minimatch "^9.0.1"
    minipass "^7.0.4"
    path-scurry "^1.11.0"

glob@^7.1.3:
  version "7.2.3"
  dependencies:
    fs.realpath "^1.0.0"
    inflight "^1.0.4"
    inherits "2"
    minimatch "^3.1.1"
    once "^1.3.0"
    path-is-absolute "^1.0.0"

glob@^7.1.6:
  version "7.2.3"
  dependencies:
    fs.realpath "^1.0.0"
    inflight "^1.0.4"
    inherits "2"
    minimatch "^3.1.1"
    once "^1.3.0"
    path-is-absolute "^1.0.0"

globalthis@^1.0.3:
  version "1.0.4"
  dependencies:
    define-properties "^1.2.1"
    gopd "^1.0.1"

globby@^11.0.0:
  version "11.1.0"
  dependencies:
    array-union "^2.1.0"
    dir-glob "^3.0.1"
    fast-glob "^3.2.9"
    ignore "^5.2.0"
    merge2 "^1.4.1"
    slash "^3.0.0"

globby@10.0.0:
  version "10.0.0"
  dependencies:
    "@types/glob" "^7.1.1"
    array-union "^2.1.0"
    dir-glob "^3.0.1"
    fast-glob "^3.0.3"
    glob "^7.1.3"
    ignore "^5.1.1"
    merge2 "^1.2.3"
    slash "^3.0.0"

gopd@^1.0.1:
  version "1.0.1"
  dependencies:
    get-intrinsic "^1.1.3"

graceful-fs@^4.1.2, graceful-fs@^4.1.5, graceful-fs@^4.1.6, graceful-fs@^4.2.0:
  version "4.2.11"

grapheme-splitter@^1.0.4:
  version "1.0.4"

handlebars@^4.7.7:
  version "4.7.8"
  dependencies:
    minimist "^1.2.5"
    neo-async "^2.6.2"
    source-map "^0.6.1"
    wordwrap "^1.0.0"
  optionalDependencies:
    uglify-js "^3.1.4"

hard-rejection@^2.1.0:
  version "2.1.0"

has-ansi@^2.0.0:
  version "2.0.0"
  dependencies:
    ansi-regex "^2.0.0"

has-bigints@^1.0.1, has-bigints@^1.0.2:
  version "1.0.2"

has-flag@^3.0.0:
  version "3.0.0"

has-flag@^4.0.0:
  version "4.0.0"

has-property-descriptors@^1.0.0, has-property-descriptors@^1.0.2:
  version "1.0.2"
  dependencies:
    es-define-property "^1.0.0"

has-proto@^1.0.1, has-proto@^1.0.3:
  version "1.0.3"

has-symbols@^1.0.2, has-symbols@^1.0.3:
  version "1.0.3"

has-tostringtag@^1.0.0, has-tostringtag@^1.0.2:
  version "1.0.2"
  dependencies:
    has-symbols "^1.0.3"

hasown@^2.0.0, hasown@^2.0.1, hasown@^2.0.2:
  version "2.0.2"
  dependencies:
    function-bind "^1.1.2"

hosted-git-info@^2.1.4:
  version "2.8.9"

human-id@^1.0.2:
  version "1.0.2"

human-signals@^4.3.0:
  version "4.3.1"

iconv-lite@^0.4.24:
  version "0.4.24"
  dependencies:
    safer-buffer ">= 2.1.2 < 3"

ieee754@^1.2.1:
  version "1.2.1"

ignore@^5.1.1, ignore@^5.2.0:
  version "5.3.1"

indent-string@^3.0.0:
  version "3.2.0"

indent-string@^4.0.0:
  version "4.0.0"

inflight@^1.0.4:
  version "1.0.6"
  dependencies:
    once "^1.3.0"
    wrappy "1"

inherits@^2.0.3, inherits@^2.0.4, inherits@2:
  version "2.0.4"

inquirer@9.2.0:
  version "9.2.0"
  dependencies:
    ansi-escapes "^6.0.0"
    chalk "^5.2.0"
    cli-cursor "^4.0.0"
    cli-width "^4.0.0"
    external-editor "^3.0.3"
    figures "^5.0.0"
    lodash "^4.17.21"
    mute-stream "1.0.0"
    ora "^6.1.2"
    run-async "^2.4.0"
    rxjs "^7.8.0"
    string-width "^5.1.2"
    strip-ansi "^7.0.1"
    through "^2.3.6"
    wrap-ansi "^8.1.0"

internal-slot@^1.0.7:
  version "1.0.7"
  dependencies:
    es-errors "^1.3.0"
    hasown "^2.0.0"
    side-channel "^1.0.4"

is-array-buffer@^3.0.4:
  version "3.0.4"
  dependencies:
    call-bind "^1.0.2"
    get-intrinsic "^1.2.1"

is-arrayish@^0.2.1:
  version "0.2.1"

is-bigint@^1.0.1:
  version "1.0.4"
  dependencies:
    has-bigints "^1.0.1"

is-boolean-object@^1.1.0:
  version "1.1.2"
  dependencies:
    call-bind "^1.0.2"
    has-tostringtag "^1.0.0"

is-builtin-module@^3.2.1:
  version "3.2.1"
  dependencies:
    builtin-modules "^3.3.0"

is-callable@^1.1.3, is-callable@^1.1.4, is-callable@^1.2.7:
  version "1.2.7"

is-core-module@^2.13.0:
  version "2.13.1"
  dependencies:
    hasown "^2.0.0"

is-data-view@^1.0.1:
  version "1.0.1"
  dependencies:
    is-typed-array "^1.1.13"

is-date-object@^1.0.1:
  version "1.0.5"
  dependencies:
    has-tostringtag "^1.0.0"

is-extglob@^2.1.1:
  version "2.1.1"

is-fullwidth-code-point@^1.0.0:
  version "1.0.0"
  dependencies:
    number-is-nan "^1.0.0"

is-fullwidth-code-point@^2.0.0:
  version "2.0.0"

is-fullwidth-code-point@^3.0.0:
  version "3.0.0"

is-glob@^4.0.1:
  version "4.0.3"
  dependencies:
    is-extglob "^2.1.1"

is-interactive@^2.0.0:
  version "2.0.0"

is-module@^1.0.0:
  version "1.0.0"

is-negative-zero@^2.0.3:
  version "2.0.3"

is-number-object@^1.0.4:
  version "1.0.7"
  dependencies:
    has-tostringtag "^1.0.0"

is-number@^7.0.0:
  version "7.0.0"

is-observable@^1.1.0:
  version "1.1.0"
  dependencies:
    symbol-observable "^1.1.0"

is-plain-obj@^1.1.0:
  version "1.1.0"

is-plain-obj@2.1.0:
  version "2.1.0"

is-promise@^2.1.0:
  version "2.2.2"

is-regex@^1.1.4:
  version "1.1.4"
  dependencies:
    call-bind "^1.0.2"
    has-tostringtag "^1.0.0"

is-shared-array-buffer@^1.0.2, is-shared-array-buffer@^1.0.3:
  version "1.0.3"
  dependencies:
    call-bind "^1.0.7"

is-stream@^1.1.0:
  version "1.1.0"

is-stream@^3.0.0:
  version "3.0.0"

is-string@^1.0.5, is-string@^1.0.7:
  version "1.0.7"
  dependencies:
    has-tostringtag "^1.0.0"

is-subdir@^1.1.1:
  version "1.2.0"
  dependencies:
    better-path-resolve "1.0.0"

is-symbol@^1.0.2, is-symbol@^1.0.3:
  version "1.0.4"
  dependencies:
    has-symbols "^1.0.2"

is-typed-array@^1.1.13:
  version "1.1.13"
  dependencies:
    which-typed-array "^1.1.14"

is-unicode-supported@^1.1.0, is-unicode-supported@^1.2.0:
  version "1.3.0"

is-weakref@^1.0.2:
  version "1.0.2"
  dependencies:
    call-bind "^1.0.2"

is-windows@^1.0.0:
  version "1.0.2"

isarray@^2.0.5:
  version "2.0.5"

isexe@^2.0.0:
  version "2.0.0"

jackspeak@^3.1.2:
  version "3.1.2"
  dependencies:
    "@isaacs/cliui" "^8.0.2"
  optionalDependencies:
    "@pkgjs/parseargs" "^0.11.0"

jju@^1.4.0:
  version "1.4.0"

js-tokens@^4.0.0:
  version "4.0.0"

js-yaml@^3.13.0, js-yaml@^3.13.1, js-yaml@^3.6.1:
  version "3.14.1"
  dependencies:
    argparse "^1.0.7"
    esprima "^4.0.0"

json-parse-better-errors@^1.0.1:
  version "1.0.2"

json-parse-even-better-errors@^2.3.0:
  version "2.3.1"

jsonfile@^4.0.0:
  version "4.0.0"
  optionalDependencies:
    graceful-fs "^4.1.6"

jsonfile@^6.0.1:
  version "6.1.0"
  dependencies:
    universalify "^2.0.0"
  optionalDependencies:
    graceful-fs "^4.1.6"

kind-of@^6.0.3:
  version "6.0.3"

kleur@^4.1.5:
  version "4.1.5"

lines-and-columns@^1.1.6:
  version "1.2.4"

listr-silent-renderer@^1.1.1:
  version "1.1.1"

listr-update-renderer@^0.5.0:
  version "0.5.0"
  dependencies:
    chalk "^1.1.3"
    cli-truncate "^0.2.1"
    elegant-spinner "^1.0.1"
    figures "^1.7.0"
    indent-string "^3.0.0"
    log-symbols "^1.0.2"
    log-update "^2.3.0"
    strip-ansi "^3.0.1"

listr-verbose-renderer@^0.5.0:
  version "0.5.0"
  dependencies:
    chalk "^2.4.1"
    cli-cursor "^2.1.0"
    date-fns "^1.27.2"
    figures "^2.0.0"

listr@^0.14.2, listr@0.14.3:
  version "0.14.3"
  dependencies:
    "@samverschueren/stream-to-observable" "^0.3.0"
    is-observable "^1.1.0"
    is-promise "^2.1.0"
    is-stream "^1.1.0"
    listr-silent-renderer "^1.1.1"
    listr-update-renderer "^0.5.0"
    listr-verbose-renderer "^0.5.0"
    p-map "^2.0.0"
    rxjs "^6.3.3"

load-json-file@^4.0.0:
  version "4.0.0"
  dependencies:
    graceful-fs "^4.1.2"
    parse-json "^4.0.0"
    pify "^3.0.0"
    strip-bom "^3.0.0"

load-yaml-file@^0.2.0:
  version "0.2.0"
  dependencies:
    graceful-fs "^4.1.5"
    js-yaml "^3.13.0"
    pify "^4.0.1"
    strip-bom "^3.0.0"

locate-path@^5.0.0:
  version "5.0.0"
  dependencies:
    p-locate "^4.1.0"

locate-path@^6.0.0:
  version "6.0.0"
  dependencies:
    p-locate "^5.0.0"

lodash.startcase@^4.4.0:
  version "4.4.0"

lodash@^4.17.21:
  version "4.17.21"

log-symbols@^1.0.2:
  version "1.0.2"
  dependencies:
    chalk "^1.0.0"

log-symbols@^5.1.0:
  version "5.1.0"
  dependencies:
    chalk "^5.0.0"
    is-unicode-supported "^1.1.0"

log-update@^2.3.0:
  version "2.3.0"
  dependencies:
    ansi-escapes "^3.0.0"
    cli-cursor "^2.0.0"
    wrap-ansi "^3.0.1"

lru-cache@^10.2.0:
  version "10.2.2"

lru-cache@^4.0.1:
  version "4.1.5"
  dependencies:
    pseudomap "^1.0.2"
    yallist "^2.1.2"

map-obj@^1.0.0:
  version "1.0.1"

map-obj@^4.0.0:
  version "4.3.0"

meow@^6.0.0:
  version "6.1.1"
  dependencies:
    "@types/minimist" "^1.2.0"
    camelcase-keys "^6.2.2"
    decamelize-keys "^1.1.0"
    hard-rejection "^2.1.0"
    minimist-options "^4.0.2"
    normalize-package-data "^2.5.0"
    read-pkg-up "^7.0.1"
    redent "^3.0.0"
    trim-newlines "^3.0.0"
    type-fest "^0.13.1"
    yargs-parser "^18.1.3"

merge-packages@^0.1.6:
  version "0.1.6"
  dependencies:
    "@voxpelli/semver-set" "^3.0.0"
    commander "^7.2.0"
    fs-extra "^9.1.0"
    glob "^7.1.6"
    jju "^1.4.0"
    ramda "^0.27.1"
    semver "^7.3.4"
    sort-package-json "^1.49.0"

merge-stream@^2.0.0:
  version "2.0.0"

merge2@^1.2.3, merge2@^1.3.0, merge2@^1.4.1:
  version "1.4.1"

micromatch@^4.0.2, micromatch@^4.0.4:
  version "4.0.6"
  dependencies:
    braces "^3.0.3"
    picomatch "^4.0.2"

mimic-fn@^1.0.0:
  version "1.2.0"

mimic-fn@^2.1.0:
  version "2.1.0"

mimic-fn@^4.0.0:
  version "4.0.0"

min-indent@^1.0.0:
  version "1.0.1"

minimatch@^3.1.1:
  version "3.1.2"
  dependencies:
    brace-expansion "^1.1.7"

minimatch@^9.0.1:
  version "9.0.4"
  dependencies:
    brace-expansion "^2.0.1"

minimist-options@^4.0.2:
  version "4.1.0"
  dependencies:
    arrify "^1.0.1"
    is-plain-obj "^1.1.0"
    kind-of "^6.0.3"

minimist@^1.2.5:
  version "1.2.8"

"minipass@^5.0.0 || ^6.0.2 || ^7.0.0", minipass@^7.0.4:
  version "7.1.1"

mixme@^0.5.1:
  version "0.5.10"

mute-stream@1.0.0:
  version "1.0.0"

ncp@2.0.0:
  version "2.0.0"

neo-async@^2.6.2:
  version "2.6.2"

nice-try@^1.0.4:
  version "1.0.5"

normalize-package-data@^2.3.2, normalize-package-data@^2.5.0:
  version "2.5.0"
  dependencies:
    hosted-git-info "^2.1.4"
    resolve "^1.10.0"
    semver "2 || 3 || 4 || 5"
    validate-npm-package-license "^3.0.1"

npm-run-path@^2.0.0:
  version "2.0.2"
  dependencies:
    path-key "^2.0.0"

npm-run-path@^5.1.0:
  version "5.3.0"
  dependencies:
    path-key "^4.0.0"

number-is-nan@^1.0.0:
  version "1.0.1"

object-assign@^4.1.0:
  version "4.1.1"

object-inspect@^1.13.1:
  version "1.13.1"

object-keys@^1.1.1:
  version "1.1.1"

object.assign@^4.1.5:
  version "4.1.5"
  dependencies:
    call-bind "^1.0.5"
    define-properties "^1.2.1"
    has-symbols "^1.0.3"
    object-keys "^1.1.1"

once@^1.3.0, once@^1.3.1, once@^1.4.0:
  version "1.4.0"
  dependencies:
    wrappy "1"

onetime@^2.0.0:
  version "2.0.1"
  dependencies:
    mimic-fn "^1.0.0"

onetime@^5.1.0:
  version "5.1.2"
  dependencies:
    mimic-fn "^2.1.0"

onetime@^6.0.0:
  version "6.0.0"
  dependencies:
    mimic-fn "^4.0.0"

ora@^6.1.2:
  version "6.3.1"
  dependencies:
    chalk "^5.0.0"
    cli-cursor "^4.0.0"
    cli-spinners "^2.6.1"
    is-interactive "^2.0.0"
    is-unicode-supported "^1.1.0"
    log-symbols "^5.1.0"
    stdin-discarder "^0.1.0"
    strip-ansi "^7.0.1"
    wcwidth "^1.0.1"

os-tmpdir@~1.0.2:
  version "1.0.2"

outdent@^0.5.0:
  version "0.5.0"

p-filter@^2.1.0:
  version "2.1.0"
  dependencies:
    p-map "^2.0.0"

p-finally@^1.0.0:
  version "1.0.0"

p-limit@^2.2.0:
  version "2.3.0"
  dependencies:
    p-try "^2.0.0"

p-limit@^3.0.2:
  version "3.1.0"
  dependencies:
    yocto-queue "^0.1.0"

p-locate@^4.1.0:
  version "4.1.0"
  dependencies:
    p-limit "^2.2.0"

p-locate@^5.0.0:
  version "5.0.0"
  dependencies:
    p-limit "^3.0.2"

p-map@^2.0.0:
  version "2.1.0"

p-try@^2.0.0:
  version "2.2.0"

parse-json@^4.0.0:
  version "4.0.0"
  dependencies:
    error-ex "^1.3.1"
    json-parse-better-errors "^1.0.1"

parse-json@^5.0.0:
  version "5.2.0"
  dependencies:
    "@babel/code-frame" "^7.0.0"
    error-ex "^1.3.1"
    json-parse-even-better-errors "^2.3.0"
    lines-and-columns "^1.1.6"

path-exists@^4.0.0:
  version "4.0.0"

path-is-absolute@^1.0.0:
  version "1.0.1"

path-key@^2.0.0, path-key@^2.0.1:
  version "2.0.1"

path-key@^3.1.0:
  version "3.1.1"

path-key@^4.0.0:
  version "4.0.0"

path-parse@^1.0.7:
  version "1.0.7"

path-scurry@^1.11.0:
  version "1.11.1"
  dependencies:
    lru-cache "^10.2.0"
    minipass "^5.0.0 || ^6.0.2 || ^7.0.0"

path-type@^3.0.0:
  version "3.0.0"
  dependencies:
    pify "^3.0.0"

path-type@^4.0.0:
  version "4.0.0"

picocolors@^1.0.0:
  version "1.0.1"

picomatch@^2.3.1:
  version "2.3.1"

picomatch@^4.0.2:
  version "4.0.2"

pify@^3.0.0:
  version "3.0.0"

pify@^4.0.1:
  version "4.0.1"

pkg-dir@^4.2.0:
  version "4.2.0"
  dependencies:
    find-up "^4.0.0"

pkg-install@1.0.0:
  version "1.0.0"
  dependencies:
    "@types/execa" "^0.9.0"
    "@types/node" "^11.9.4"
    execa "^1.0.0"

possible-typed-array-names@^1.0.0:
  version "1.0.0"

preferred-pm@^3.0.0:
  version "3.1.3"
  dependencies:
    find-up "^5.0.0"
    find-yarn-workspace-root2 "1.2.16"
    path-exists "^4.0.0"
    which-pm "2.0.0"

prettier@^2.7.1:
  version "2.8.8"

pseudomap@^1.0.2:
  version "1.0.2"

pump@^3.0.0:
  version "3.0.0"
  dependencies:
    end-of-stream "^1.1.0"
    once "^1.3.1"

queue-microtask@^1.2.2:
  version "1.2.3"

quick-lru@^4.0.1:
  version "4.0.1"

ramda@^0.27.1:
  version "0.27.2"

read-pkg-up@^7.0.1:
  version "7.0.1"
  dependencies:
    find-up "^4.1.0"
    read-pkg "^5.2.0"
    type-fest "^0.8.1"

read-pkg@^3.0.0:
  version "3.0.0"
  dependencies:
    load-json-file "^4.0.0"
    normalize-package-data "^2.3.2"
    path-type "^3.0.0"

read-pkg@^5.2.0:
  version "5.2.0"
  dependencies:
    "@types/normalize-package-data" "^2.4.0"
    normalize-package-data "^2.5.0"
    parse-json "^5.0.0"
    type-fest "^0.6.0"

read-yaml-file@^1.1.0:
  version "1.1.0"
  dependencies:
    graceful-fs "^4.1.5"
    js-yaml "^3.6.1"
    pify "^4.0.1"
    strip-bom "^3.0.0"

readable-stream@^3.4.0:
  version "3.6.2"
  dependencies:
    inherits "^2.0.3"
    string_decoder "^1.1.1"
    util-deprecate "^1.0.1"

redent@^3.0.0:
  version "3.0.0"
  dependencies:
    indent-string "^4.0.0"
    strip-indent "^3.0.0"

regenerator-runtime@^0.14.0:
  version "0.14.1"

regexp.prototype.flags@^1.5.2:
  version "1.5.2"
  dependencies:
    call-bind "^1.0.6"
    define-properties "^1.2.1"
    es-errors "^1.3.0"
    set-function-name "^2.0.1"

require-directory@^2.1.1:
  version "2.1.1"

require-main-filename@^2.0.0:
  version "2.0.0"

resolve-from@^5.0.0:
  version "5.0.0"

resolve@^1.10.0, resolve@^1.22.1:
  version "1.22.8"
  dependencies:
    is-core-module "^2.13.0"
    path-parse "^1.0.7"
    supports-preserve-symlinks-flag "^1.0.0"

restore-cursor@^2.0.0:
  version "2.0.0"
  dependencies:
    onetime "^2.0.0"
    signal-exit "^3.0.2"

restore-cursor@^4.0.0:
  version "4.0.0"
  dependencies:
    onetime "^5.1.0"
    signal-exit "^3.0.2"

reusify@^1.0.4:
  version "1.0.4"

rollup-plugin-auto-external@2.0.0:
  version "2.0.0"
  dependencies:
    builtins "^2.0.0"
    read-pkg "^3.0.0"
    safe-resolve "^1.0.0"
    semver "^5.5.0"

rollup@^1.20.0||^2.0.0||^3.0.0||^4.0.0, rollup@^2.14.0||^3.0.0, rollup@^2.78.0||^3.0.0||^4.0.0, rollup@>=0.45.2, rollup@3.21.0:
  version "3.21.0"
  optionalDependencies:
    fsevents "~2.3.2"

run-async@^2.4.0:
  version "2.4.1"

run-parallel@^1.1.9:
  version "1.2.0"
  dependencies:
    queue-microtask "^1.2.2"

rxjs@^6.3.3, rxjs@^6.5.1:
  version "6.6.7"
  dependencies:
    tslib "^1.9.0"

rxjs@^7.2.0:
  version "7.8.1"
  dependencies:
    tslib "^2.1.0"

rxjs@^7.8.0:
  version "7.8.1"
  dependencies:
    tslib "^2.1.0"

safe-array-concat@^1.1.2:
  version "1.1.2"
  dependencies:
    call-bind "^1.0.7"
    get-intrinsic "^1.2.4"
    has-symbols "^1.0.3"
    isarray "^2.0.5"

safe-buffer@~5.2.0:
  version "5.2.1"

safe-regex-test@^1.0.3:
  version "1.0.3"
  dependencies:
    call-bind "^1.0.6"
    es-errors "^1.3.0"
    is-regex "^1.1.4"

safe-resolve@^1.0.0:
  version "1.0.0"

"safer-buffer@>= 2.1.2 < 3":
  version "2.1.2"

semver@^5.5.0:
  version "5.7.2"

semver@^6.0.0:
  version "6.3.1"

semver@^7.3.2, semver@^7.3.4, semver@^7.5.3:
  version "7.6.2"

"semver@2 || 3 || 4 || 5":
  version "5.7.2"

set-blocking@^2.0.0:
  version "2.0.0"

set-function-length@^1.2.1:
  version "1.2.2"
  dependencies:
    define-data-property "^1.1.4"
    es-errors "^1.3.0"
    function-bind "^1.1.2"
    get-intrinsic "^1.2.4"
    gopd "^1.0.1"
    has-property-descriptors "^1.0.2"

set-function-name@^2.0.1:
  version "2.0.2"
  dependencies:
    define-data-property "^1.1.4"
    es-errors "^1.3.0"
    functions-have-names "^1.2.3"
    has-property-descriptors "^1.0.2"

shebang-command@^1.2.0:
  version "1.2.0"
  dependencies:
    shebang-regex "^1.0.0"

shebang-command@^2.0.0:
  version "2.0.0"
  dependencies:
    shebang-regex "^3.0.0"

shebang-regex@^1.0.0:
  version "1.0.0"

shebang-regex@^3.0.0:
  version "3.0.0"

side-channel@^1.0.4:
  version "1.0.6"
  dependencies:
    call-bind "^1.0.7"
    es-errors "^1.3.0"
    get-intrinsic "^1.2.4"
    object-inspect "^1.13.1"

signal-exit@^3.0.0, signal-exit@^3.0.2, signal-exit@^3.0.7:
  version "3.0.7"

signal-exit@^4.0.1:
  version "4.1.0"

slash@^3.0.0:
  version "3.0.0"

slice-ansi@0.0.4:
  version "0.0.4"

smartwrap@^2.0.2:
  version "2.0.2"
  dependencies:
    array.prototype.flat "^1.2.3"
    breakword "^1.0.5"
    grapheme-splitter "^1.0.4"
    strip-ansi "^6.0.0"
    wcwidth "^1.0.1"
    yargs "^15.1.0"

sort-object-keys@^1.1.3:
  version "1.1.3"

sort-package-json@^1.49.0:
  version "1.57.0"
  dependencies:
    detect-indent "^6.0.0"
    detect-newline "3.1.0"
    git-hooks-list "1.0.3"
    globby "10.0.0"
    is-plain-obj "2.1.0"
    sort-object-keys "^1.1.3"

source-map@^0.6.1:
  version "0.6.1"

spawndamnit@^2.0.0:
  version "2.0.0"
  dependencies:
    cross-spawn "^5.1.0"
    signal-exit "^3.0.2"

spdx-correct@^3.0.0:
  version "3.2.0"
  dependencies:
    spdx-expression-parse "^3.0.0"
    spdx-license-ids "^3.0.0"

spdx-exceptions@^2.1.0:
  version "2.5.0"

spdx-expression-parse@^3.0.0:
  version "3.0.1"
  dependencies:
    spdx-exceptions "^2.1.0"
    spdx-license-ids "^3.0.0"

spdx-license-ids@^3.0.0:
  version "3.0.17"

sprintf-js@~1.0.2:
  version "1.0.3"

stdin-discarder@^0.1.0:
  version "0.1.0"
  dependencies:
    bl "^5.0.0"

stream-transform@^2.1.3:
  version "2.1.3"
  dependencies:
    mixme "^0.5.1"

string_decoder@^1.1.1:
  version "1.3.0"
  dependencies:
    safe-buffer "~5.2.0"

"string-width-cjs@npm:string-width@^4.2.0":
  version "4.2.3"
  dependencies:
    emoji-regex "^8.0.0"
    is-fullwidth-code-point "^3.0.0"
    strip-ansi "^6.0.1"

string-width@^1.0.1:
  version "1.0.2"
  dependencies:
    code-point-at "^1.0.0"
    is-fullwidth-code-point "^1.0.0"
    strip-ansi "^3.0.0"

string-width@^2.1.1:
  version "2.1.1"
  dependencies:
    is-fullwidth-code-point "^2.0.0"
    strip-ansi "^4.0.0"

string-width@^4.1.0, string-width@^4.2.0, string-width@^4.2.3:
  version "4.2.3"
  dependencies:
    emoji-regex "^8.0.0"
    is-fullwidth-code-point "^3.0.0"
    strip-ansi "^6.0.1"

string-width@^5.0.1:
  version "5.1.2"
  dependencies:
    eastasianwidth "^0.2.0"
    emoji-regex "^9.2.2"
    strip-ansi "^7.0.1"

string-width@^5.1.2:
  version "5.1.2"
  dependencies:
    eastasianwidth "^0.2.0"
    emoji-regex "^9.2.2"
    strip-ansi "^7.0.1"

string.prototype.trim@^1.2.9:
  version "1.2.9"
  dependencies:
    call-bind "^1.0.7"
    define-properties "^1.2.1"
    es-abstract "^1.23.0"
    es-object-atoms "^1.0.0"

string.prototype.trimend@^1.0.8:
  version "1.0.8"
  dependencies:
    call-bind "^1.0.7"
    define-properties "^1.2.1"
    es-object-atoms "^1.0.0"

string.prototype.trimstart@^1.0.8:
  version "1.0.8"
  dependencies:
    call-bind "^1.0.7"
    define-properties "^1.2.1"
    es-object-atoms "^1.0.0"

"strip-ansi-cjs@npm:strip-ansi@^6.0.1":
  version "6.0.1"
  dependencies:
    ansi-regex "^5.0.1"

strip-ansi@^3.0.0, strip-ansi@^3.0.1:
  version "3.0.1"
  dependencies:
    ansi-regex "^2.0.0"

strip-ansi@^4.0.0:
  version "4.0.0"
  dependencies:
    ansi-regex "^3.0.0"

strip-ansi@^6.0.0, strip-ansi@^6.0.1:
  version "6.0.1"
  dependencies:
    ansi-regex "^5.0.1"

strip-ansi@^7.0.1:
  version "7.1.0"
  dependencies:
    ansi-regex "^6.0.1"

strip-bom@^3.0.0:
  version "3.0.0"

strip-eof@^1.0.0:
  version "1.0.0"

strip-final-newline@^3.0.0:
  version "3.0.0"

strip-indent@^3.0.0:
  version "3.0.0"
  dependencies:
    min-indent "^1.0.0"

supports-color@^2.0.0:
  version "2.0.0"

supports-color@^5.3.0:
  version "5.5.0"
  dependencies:
    has-flag "^3.0.0"

supports-color@^7.1.0:
  version "7.2.0"
  dependencies:
    has-flag "^4.0.0"

supports-preserve-symlinks-flag@^1.0.0:
  version "1.0.0"

symbol-observable@^1.1.0:
  version "1.2.0"

term-size@^2.1.0:
  version "2.2.1"

through@^2.3.6:
  version "2.3.8"

tmp@^0.0.33:
  version "0.0.33"
  dependencies:
    os-tmpdir "~1.0.2"

to-regex-range@^5.0.1:
  version "5.0.1"
  dependencies:
    is-number "^7.0.0"

trim-newlines@^3.0.0:
  version "3.0.1"

tslib@*, tslib@2.5.0:
  version "2.5.0"

tslib@^1.9.0:
  version "1.14.1"

tslib@^2.1.0:
  version "2.6.2"

tty-table@^4.1.5:
  version "4.2.3"
  dependencies:
    chalk "^4.1.2"
    csv "^5.5.3"
    kleur "^4.1.5"
    smartwrap "^2.0.2"
    strip-ansi "^6.0.1"
    wcwidth "^1.0.1"
    yargs "^17.7.1"

type-fest@^0.13.1:
  version "0.13.1"

type-fest@^0.6.0:
  version "0.6.0"

type-fest@^0.8.1:
  version "0.8.1"

typed-array-buffer@^1.0.2:
  version "1.0.2"
  dependencies:
    call-bind "^1.0.7"
    es-errors "^1.3.0"
    is-typed-array "^1.1.13"

typed-array-byte-length@^1.0.1:
  version "1.0.1"
  dependencies:
    call-bind "^1.0.7"
    for-each "^0.3.3"
    gopd "^1.0.1"
    has-proto "^1.0.3"
    is-typed-array "^1.1.13"

typed-array-byte-offset@^1.0.2:
  version "1.0.2"
  dependencies:
    available-typed-arrays "^1.0.7"
    call-bind "^1.0.7"
    for-each "^0.3.3"
    gopd "^1.0.1"
    has-proto "^1.0.3"
    is-typed-array "^1.1.13"

typed-array-length@^1.0.6:
  version "1.0.6"
  dependencies:
    call-bind "^1.0.7"
    for-each "^0.3.3"
    gopd "^1.0.1"
    has-proto "^1.0.3"
    is-typed-array "^1.1.13"
    possible-typed-array-names "^1.0.0"

typescript@>=3.7.0, typescript@5.0.4:
  version "5.0.4"

uglify-js@^3.1.4:
  version "3.17.4"

unbox-primitive@^1.0.2:
  version "1.0.2"
  dependencies:
    call-bind "^1.0.2"
    has-bigints "^1.0.2"
    has-symbols "^1.0.3"
    which-boxed-primitive "^1.0.2"

undici-types@~5.26.4:
  version "5.26.5"

universalify@^0.1.0:
  version "0.1.2"

universalify@^2.0.0:
  version "2.0.1"

util-deprecate@^1.0.1:
  version "1.0.2"

validate-npm-package-license@^3.0.1:
  version "3.0.4"
  dependencies:
    spdx-correct "^3.0.0"
    spdx-expression-parse "^3.0.0"

wcwidth@^1.0.1:
  version "1.0.1"
  dependencies:
    defaults "^1.0.3"

which-boxed-primitive@^1.0.2:
  version "1.0.2"
  dependencies:
    is-bigint "^1.0.1"
    is-boolean-object "^1.1.0"
    is-number-object "^1.0.4"
    is-string "^1.0.5"
    is-symbol "^1.0.3"

which-module@^2.0.0:
  version "2.0.1"

which-pm@2.0.0:
  version "2.0.0"
  dependencies:
    load-yaml-file "^0.2.0"
    path-exists "^4.0.0"

which-typed-array@^1.1.14, which-typed-array@^1.1.15:
  version "1.1.15"
  dependencies:
    available-typed-arrays "^1.0.7"
    call-bind "^1.0.7"
    for-each "^0.3.3"
    gopd "^1.0.1"
    has-tostringtag "^1.0.2"

which@^1.2.9:
  version "1.3.1"
  dependencies:
    isexe "^2.0.0"

which@^2.0.1:
  version "2.0.2"
  dependencies:
    isexe "^2.0.0"

wordwrap@^1.0.0:
  version "1.0.0"

"wrap-ansi-cjs@npm:wrap-ansi@^7.0.0":
  version "7.0.0"
  dependencies:
    ansi-styles "^4.0.0"
    string-width "^4.1.0"
    strip-ansi "^6.0.0"

wrap-ansi@^3.0.1:
  version "3.0.1"
  dependencies:
    string-width "^2.1.1"
    strip-ansi "^4.0.0"

wrap-ansi@^6.2.0:
  version "6.2.0"
  dependencies:
    ansi-styles "^4.0.0"
    string-width "^4.1.0"
    strip-ansi "^6.0.0"

wrap-ansi@^7.0.0:
  version "7.0.0"
  dependencies:
    ansi-styles "^4.0.0"
    string-width "^4.1.0"
    strip-ansi "^6.0.0"

wrap-ansi@^8.1.0:
  version "8.1.0"
  dependencies:
    ansi-styles "^6.1.0"
    string-width "^5.0.1"
    strip-ansi "^7.0.1"

wrappy@1:
  version "1.0.2"

y18n@^4.0.0:
  version "4.0.3"

y18n@^5.0.5:
  version "5.0.8"

yallist@^2.1.2:
  version "2.1.2"

yargs-parser@^18.1.2, yargs-parser@^18.1.3:
  version "18.1.3"
  dependencies:
    camelcase "^5.0.0"
    decamelize "^1.2.0"

yargs-parser@^21.1.1:
  version "21.1.1"

yargs@^15.1.0:
  version "15.4.1"
  dependencies:
    cliui "^6.0.0"
    decamelize "^1.2.0"
    find-up "^4.1.0"
    get-caller-file "^2.0.1"
    require-directory "^2.1.1"
    require-main-filename "^2.0.0"
    set-blocking "^2.0.0"
    string-width "^4.2.0"
    which-module "^2.0.0"
    y18n "^4.0.0"
    yargs-parser "^18.1.2"

yargs@^17.7.1:
  version "17.7.2"
  dependencies:
    cliui "^8.0.1"
    escalade "^3.1.1"
    get-caller-file "^2.0.5"
    require-directory "^2.1.1"
    string-width "^4.2.3"
    y18n "^5.0.5"
    yargs-parser "^21.1.1"

yocto-queue@^0.1.0:
  version "0.1.0"
