# Code generated by scarb DO NOT EDIT.
version = 1

[[package]]
name = "map_script"
version = "0.1.0"
dependencies = [
 "sncast_std",
]

[[package]]
name = "sncast_std"
version = "0.35.1"
source = "git+https://github.com/foundry-rs/starknet-foundry?tag=v0.35.1#089de2c7a391372a7aaa54ec2706b117f955d06a"
