# Code generated by scarb DO NOT EDIT.
version = 1

[[package]]
name = "snforge_scarb_plugin"
version = "0.35.1"
source = "registry+https://scarbs.xyz/"
checksum = "sha256:1b6d50abc7f306a06abf90649bcd60a3bc1cdf6d0dc21a9725c71b014a334bab"

[[package]]
name = "snforge_std"
version = "0.35.1"
source = "registry+https://scarbs.xyz/"
checksum = "sha256:e25cbeb9cbed6da8e14ab19ad0e7c1d888055dfee62978a845ce669cfaba5d93"
dependencies = [
 "snforge_scarb_plugin",
]

[[package]]
name = "test"
version = "0.1.0"
dependencies = [
 "snforge_std",
]
